github.com/ichbinbekir/windows v0.0.0-20250627112240-175812028a57 h1:5NR6HrAmp7L0ZSTzfQ/0AyC8tsoaB/R0BWiK7WUfSaQ=
github.com/ichbinbekir/windows v0.0.0-20250627112240-175812028a57/go.mod h1:RRYxmtFWfPASclJOU91LB5M07n0n2F9tmCVRXFOqVeE=
github.com/ichbinbekir/windows v0.0.0-20251215125542-fc8e48343e43 h1:jta1RnL4sSHHg9hxjzUWjWd1TLepxQKLE/ynx3fYO10=
github.com/ichbinbekir/windows v0.0.0-20251215125542-fc8e48343e43/go.mod h1:RRYxmtFWfPASclJOU91LB5M07n0n2F9tmCVRXFOqVeE=
